// !$*UTF8*$!
{
	archiveVersion = 1;
	classes = {
	};
	objectVersion = 50;
	objects = {

/* Begin PBXBuildFile section */
		9345ACD02401B1EA003B37F6 /* clases.swift in Sources */ = {isa = PBXBuildFile; fileRef = 9345ACCF2401B1EA003B37F6 /* clases.swift */; };
		93954A7023FE74FA00C92C0A /* HorosocpoChino.swift in Sources */ = {isa = PBXBuildFile; fileRef = 93954A6F23FE74FA00C92C0A /* HorosocpoChino.swift */; };
		93954A7223FE797200C92C0A /* CalendarioViewController.swift in Sources */ = {isa = PBXBuildFile; fileRef = 93954A7123FE797200C92C0A /* CalendarioViewController.swift */; };
		93954A7423FE798800C92C0A /* HoroscopoViewController.swift in Sources */ = {isa = PBXBuildFile; fileRef = 93954A7323FE798800C92C0A /* HoroscopoViewController.swift */; };
		93CF5B1923FBCF5F003ACDAE /* AppDelegate.swift in Sources */ = {isa = PBXBuildFile; fileRef = 93CF5B1823FBCF5F003ACDAE /* AppDelegate.swift */; };
		93CF5B1B23FBCF5F003ACDAE /* SceneDelegate.swift in Sources */ = {isa = PBXBuildFile; fileRef = 93CF5B1A23FBCF5F003ACDAE /* SceneDelegate.swift */; };
		93CF5B1D23FBCF5F003ACDAE /* ViewController.swift in Sources */ = {isa = PBXBuildFile; fileRef = 93CF5B1C23FBCF5F003ACDAE /* ViewController.swift */; };
		93CF5B2023FBCF5F003ACDAE /* Main.storyboard in Resources */ = {isa = PBXBuildFile; fileRef = 93CF5B1E23FBCF5F003ACDAE /* Main.storyboard */; };
		93CF5B2223FBCF63003ACDAE /* Assets.xcassets in Resources */ = {isa = PBXBuildFile; fileRef = 93CF5B2123FBCF63003ACDAE /* Assets.xcassets */; };
		93CF5B2523FBCF63003ACDAE /* LaunchScreen.storyboard in Resources */ = {isa = PBXBuildFile; fileRef = 93CF5B2323FBCF63003ACDAE /* LaunchScreen.storyboard */; };
/* End PBXBuildFile section */

/* Begin PBXFileReference section */
		9345ACCF2401B1EA003B37F6 /* clases.swift */ = {isa = PBXFileReference; lastKnownFileType = sourcecode.swift; path = clases.swift; sourceTree = "<group>"; };
		93954A6F23FE74FA00C92C0A /* HorosocpoChino.swift */ = {isa = PBXFileReference; lastKnownFileType = sourcecode.swift; path = HorosocpoChino.swift; sourceTree = "<group>"; };
		93954A7123FE797200C92C0A /* CalendarioViewController.swift */ = {isa = PBXFileReference; lastKnownFileType = sourcecode.swift; path = CalendarioViewController.swift; sourceTree = "<group>"; };
		93954A7323FE798800C92C0A /* HoroscopoViewController.swift */ = {isa = PBXFileReference; lastKnownFileType = sourcecode.swift; path = HoroscopoViewController.swift; sourceTree = "<group>"; };
		93CF5B1523FBCF5F003ACDAE /* AppChinaZ.app */ = {isa = PBXFileReference; explicitFileType = wrapper.application; includeInIndex = 0; path = AppChinaZ.app; sourceTree = BUILT_PRODUCTS_DIR; };
		93CF5B1823FBCF5F003ACDAE /* AppDelegate.swift */ = {isa = PBXFileReference; lastKnownFileType = sourcecode.swift; path = AppDelegate.swift; sourceTree = "<group>"; };
		93CF5B1A23FBCF5F003ACDAE /* SceneDelegate.swift */ = {isa = PBXFileReference; lastKnownFileType = sourcecode.swift; path = SceneDelegate.swift; sourceTree = "<group>"; };
		93CF5B1C23FBCF5F003ACDAE /* ViewController.swift */ = {isa = PBXFileReference; lastKnownFileType = sourcecode.swift; path = ViewController.swift; sourceTree = "<group>"; };
		93CF5B1F23FBCF5F003ACDAE /* Base */ = {isa = PBXFileReference; lastKnownFileType = file.storyboard; name = Base; path = Base.lproj/Main.storyboard; sourceTree = "<group>"; };
		93CF5B2123FBCF63003ACDAE /* Assets.xcassets */ = {isa = PBXFileReference; lastKnownFileType = folder.assetcatalog; path = Assets.xcassets; sourceTree = "<group>"; };
		93CF5B2423FBCF63003ACDAE /* Base */ = {isa = PBXFileReference; lastKnownFileType = file.storyboard; name = Base; path = Base.lproj/LaunchScreen.storyboard; sourceTree = "<group>"; };
		93CF5B2623FBCF63003ACDAE /* Info.plist */ = {isa = PBXFileReference; lastKnownFileType = text.plist.xml; path = Info.plist; sourceTree = "<group>"; };
/* End PBXFileReference section */

/* Begin PBXFrameworksBuildPhase section */
		93CF5B1223FBCF5F003ACDAE /* Frameworks */ = {
			isa = PBXFrameworksBuildPhase;
			buildActionMask = 2147483647;
			files = (
			);
			runOnlyForDeploymentPostprocessing = 0;
		};
/* End PBXFrameworksBuildPhase section */

/* Begin PBXGroup section */
		93CF5B0C23FBCF5F003ACDAE = {
			isa = PBXGroup;
			children = (
				93CF5B1723FBCF5F003ACDAE /* AppChinaZ */,
				93CF5B1623FBCF5F003ACDAE /* Products */,
			);
			sourceTree = "<group>";
		};
		93CF5B1623FBCF5F003ACDAE /* Products */ = {
			isa = PBXGroup;
			children = (
				93CF5B1523FBCF5F003ACDAE /* AppChinaZ.app */,
			);
			name = Products;
			sourceTree = "<group>";
		};
		93CF5B1723FBCF5F003ACDAE /* AppChinaZ */ = {
			isa = PBXGroup;
			children = (
				93CF5B1823FBCF5F003ACDAE /* AppDelegate.swift */,
				9345ACCF2401B1EA003B37F6 /* clases.swift */,
				93954A7323FE798800C92C0A /* HoroscopoViewController.swift */,
				93954A7123FE797200C92C0A /* CalendarioViewController.swift */,
				93CF5B1A23FBCF5F003ACDAE /* SceneDelegate.swift */,
				93CF5B1C23FBCF5F003ACDAE /* ViewController.swift */,
				93CF5B1E23FBCF5F003ACDAE /* Main.storyboard */,
				93CF5B2123FBCF63003ACDAE /* Assets.xcassets */,
				93CF5B2323FBCF63003ACDAE /* LaunchScreen.storyboard */,
				93CF5B2623FBCF63003ACDAE /* Info.plist */,
				93954A6F23FE74FA00C92C0A /* HorosocpoChino.swift */,
			);
			path = AppChinaZ;
			sourceTree = "<group>";
		};
/* End PBXGroup section */

/* Begin PBXNativeTarget section */
		93CF5B1423FBCF5F003ACDAE /* AppChinaZ */ = {
			isa = PBXNativeTarget;
			buildConfigurationList = 93CF5B2923FBCF63003ACDAE /* Build configuration list for PBXNativeTarget "AppChinaZ" */;
			buildPhases = (
				93CF5B1123FBCF5F003ACDAE /* Sources */,
				93CF5B1223FBCF5F003ACDAE /* Frameworks */,
				93CF5B1323FBCF5F003ACDAE /* Resources */,
			);
			buildRules = (
			);
			dependencies = (
			);
			name = AppChinaZ;
			productName = AppChinaZ;
			productReference = 93CF5B1523FBCF5F003ACDAE /* AppChinaZ.app */;
			productType = "com.apple.product-type.application";
		};
/* End PBXNativeTarget section */

/* Begin PBXProject section */
		93CF5B0D23FBCF5F003ACDAE /* Project object */ = {
			isa = PBXProject;
			attributes = {
				LastSwiftUpdateCheck = 1130;
				LastUpgradeCheck = 1130;
				ORGANIZATIONNAME = user164243;
				TargetAttributes = {
					93CF5B1423FBCF5F003ACDAE = {
						CreatedOnToolsVersion = 11.3.1;
					};
				};
			};
			buildConfigurationList = 93CF5B1023FBCF5F003ACDAE /* Build configuration list for PBXProject "AppChinaZ" */;
			compatibilityVersion = "Xcode 9.3";
			developmentRegion = en;
			hasScannedForEncodings = 0;
			knownRegions = (
				en,
				Base,
			);
			mainGroup = 93CF5B0C23FBCF5F003ACDAE;
			productRefGroup = 93CF5B1623FBCF5F003ACDAE /* Products */;
			projectDirPath = "";
			projectRoot = "";
			targets = (
				93CF5B1423FBCF5F003ACDAE /* AppChinaZ */,
			);
		};
/* End PBXProject section */

/* Begin PBXResourcesBuildPhase section */
		93CF5B1323FBCF5F003ACDAE /* Resources */ = {
			isa = PBXResourcesBuildPhase;
			buildActionMask = 2147483647;
			files = (
				93CF5B2523FBCF63003ACDAE /* LaunchScreen.storyboard in Resources */,
				93CF5B2223FBCF63003ACDAE /* Assets.xcassets in Resources */,
				93CF5B2023FBCF5F003ACDAE /* Main.storyboard in Resources */,
			);
			runOnlyForDeploymentPostprocessing = 0;
		};
/* End PBXResourcesBuildPhase section */

/* Begin PBXSourcesBuildPhase section */
		93CF5B1123FBCF5F003ACDAE /* Sources */ = {
			isa = PBXSourcesBuildPhase;
			buildActionMask = 2147483647;
			files = (
				93954A7223FE797200C92C0A /* CalendarioViewController.swift in Sources */,
				93954A7023FE74FA00C92C0A /* HorosocpoChino.swift in Sources */,
				93CF5B1D23FBCF5F003ACDAE /* ViewController.swift in Sources */,
				93954A7423FE798800C92C0A /* HoroscopoViewController.swift in Sources */,
				93CF5B1923FBCF5F003ACDAE /* AppDelegate.swift in Sources */,
				93CF5B1B23FBCF5F003ACDAE /* SceneDelegate.swift in Sources */,
				9345ACD02401B1EA003B37F6 /* clases.swift in Sources */,
			);
			runOnlyForDeploymentPostprocessing = 0;
		};
/* End PBXSourcesBuildPhase section */

/* Begin PBXVariantGroup section */
		93CF5B1E23FBCF5F003ACDAE /* Main.storyboard */ = {
			isa = PBXVariantGroup;
			children = (
				93CF5B1F23FBCF5F003ACDAE /* Base */,
			);
			name = Main.storyboard;
			sourceTree = "<group>";
		};
		93CF5B2323FBCF63003ACDAE /* LaunchScreen.storyboard */ = {
			isa = PBXVariantGroup;
			children = (
				93CF5B2423FBCF63003ACDAE /* Base */,
			);
			name = LaunchScreen.storyboard;
			sourceTree = "<group>";
		};
/* End PBXVariantGroup section */

/* Begin XCBuildConfiguration section */
		93CF5B2723FBCF63003ACDAE /* Debug */ = {
			isa = XCBuildConfiguration;
			buildSettings = {
				ALWAYS_SEARCH_USER_PATHS = NO;
				CLANG_ANALYZER_NONNULL = YES;
				CLANG_ANALYZER_NUMBER_OBJECT_CONVERSION = YES_AGGRESSIVE;
				CLANG_CXX_LANGUAGE_STANDARD = "gnu++14";
				CLANG_CXX_LIBRARY = "libc++";
				CLANG_ENABLE_MODULES = YES;
				CLANG_ENABLE_OBJC_ARC = YES;
				CLANG_ENABLE_OBJC_WEAK = YES;
				CLANG_WARN_BLOCK_CAPTURE_AUTORELEASING = YES;
				CLANG_WARN_BOOL_CONVERSION = YES;
				CLANG_WARN_COMMA = YES;
				CLANG_WARN_CONSTANT_CONVERSION = YES;
				CLANG_WARN_DEPRECATED_OBJC_IMPLEMENTATIONS = YES;
				CLANG_WARN_DIRECT_OBJC_ISA_USAGE = YES_ERROR;
				CLANG_WARN_DOCUMENTATION_COMMENTS = YES;
				CLANG_WARN_EMPTY_BODY = YES;
				CLANG_WARN_ENUM_CONVERSION = YES;
				CLANG_WARN_INFINITE_RECURSION = YES;
				CLANG_WARN_INT_CONVERSION = YES;
				CLANG_WARN_NON_LITERAL_NULL_CONVERSION = YES;
				CLANG_WARN_OBJC_IMPLICIT_RETAIN_SELF = YES;
				CLANG_WARN_OBJC_LITERAL_CONVERSION = YES;
				CLANG_WARN_OBJC_ROOT_CLASS = YES_ERROR;
				CLANG_WARN_RANGE_LOOP_ANALYSIS = YES;
				CLANG_WARN_STRICT_PROTOTYPES = YES;
				CLANG_WARN_SUSPICIOUS_MOVE = YES;
				CLANG_WARN_UNGUARDED_AVAILABILITY = YES_AGGRESSIVE;
				CLANG_WARN_UNREACHABLE_CODE = YES;
				CLANG_WARN__DUPLICATE_METHOD_MATCH = YES;
				COPY_PHASE_STRIP = NO;
				DEBUG_INFORMATION_FORMAT = dwarf;
				ENABLE_STRICT_OBJC_MSGSEND = YES;
				ENABLE_TESTABILITY = YES;
				GCC_C_LANGUAGE_STANDARD = gnu11;
				GCC_DYNAMIC_NO_PIC = NO;
				GCC_NO_COMMON_BLOCKS = YES;
				GCC_OPTIMIZATION_LEVEL = 0;
				GCC_PREPROCESSOR_DEFINITIONS = (
					"DEBUG=1",
					"$(inherited)",
				);
				GCC_WARN_64_TO_32_BIT_CONVERSION = YES;
				GCC_WARN_ABOUT_RETURN_TYPE = YES_ERROR;
				GCC_WARN_UNDECLARED_SELECTOR = YES;
				GCC_WARN_UNINITIALIZED_AUTOS = YES_AGGRESSIVE;
				GCC_WARN_UNUSED_FUNCTION = YES;
				GCC_WARN_UNUSED_VARIABLE = YES;
				IPHONEOS_DEPLOYMENT_TARGET = 13.2;
				MTL_ENABLE_DEBUG_INFO = INCLUDE_SOURCE;
				MTL_FAST_MATH = YES;
				ONLY_ACTIVE_ARCH = YES;
				SDKROOT = iphoneos;
				SWIFT_ACTIVE_COMPILATION_CONDITIONS = DEBUG;
				SWIFT_OPTIMIZATION_LEVEL = "-Onone";
			};
			name = Debug;
		};
		93CF5B2823FBCF63003ACDAE /* Release */ = {
			isa = XCBuildConfiguration;
			buildSettings = {
				ALWAYS_SEARCH_USER_PATHS = NO;
				CLANG_ANALYZER_NONNULL = YES;
				CLANG_ANALYZER_NUMBER_OBJECT_CONVERSION = YES_AGGRESSIVE;
				CLANG_CXX_LANGUAGE_STANDARD = "gnu++14";
				CLANG_CXX_LIBRARY = "libc++";
				CLANG_ENABLE_MODULES = YES;
				CLANG_ENABLE_OBJC_ARC = YES;
				CLANG_ENABLE_OBJC_WEAK = YES;
				CLANG_WARN_BLOCK_CAPTURE_AUTORELEASING = YES;
				CLANG_WARN_BOOL_CONVERSION = YES;
				CLANG_WARN_COMMA = YES;
				CLANG_WARN_CONSTANT_CONVERSION = YES;
				CLANG_WARN_DEPRECATED_OBJC_IMPLEMENTATIONS = YES;
				CLANG_WARN_DIRECT_OBJC_ISA_USAGE = YES_ERROR;
				CLANG_WARN_DOCUMENTATION_COMMENTS = YES;
				CLANG_WARN_EMPTY_BODY = YES;
				CLANG_WARN_ENUM_CONVERSION = YES;
				CLANG_WARN_INFINITE_RECURSION = YES;
				CLANG_WARN_INT_CONVERSION = YES;
				CLANG_WARN_NON_LITERAL_NULL_CONVERSION = YES;
				CLANG_WARN_OBJC_IMPLICIT_RETAIN_SELF = YES;
				CLANG_WARN_OBJC_LITERAL_CONVERSION = YES;
				CLANG_WARN_OBJC_ROOT_CLASS = YES_ERROR;
				CLANG_WARN_RANGE_LOOP_ANALYSIS = YES;
				CLANG_WARN_STRICT_PROTOTYPES = YES;
				CLANG_WARN_SUSPICIOUS_MOVE = YES;
				CLANG_WARN_UNGUARDED_AVAILABILITY = YES_AGGRESSIVE;
				CLANG_WARN_UNREACHABLE_CODE = YES;
				CLANG_WARN__DUPLICATE_METHOD_MATCH = YES;
				COPY_PHASE_STRIP = NO;
				DEBUG_INFORMATION_FORMAT = "dwarf-with-dsym";
				ENABLE_NS_ASSERTIONS = NO;
				ENABLE_STRICT_OBJC_MSGSEND = YES;
				GCC_C_LANGUAGE_STANDARD = gnu11;
				GCC_NO_COMMON_BLOCKS = YES;
				GCC_WARN_64_TO_32_BIT_CONVERSION = YES;
				GCC_WARN_ABOUT_RETURN_TYPE = YES_ERROR;
				GCC_WARN_UNDECLARED_SELECTOR = YES;
				GCC_WARN_UNINITIALIZED_AUTOS = YES_AGGRESSIVE;
				GCC_WARN_UNUSED_FUNCTION = YES;
				GCC_WARN_UNUSED_VARIABLE = YES;
				IPHONEOS_DEPLOYMENT_TARGET = 13.2;
				MTL_ENABLE_DEBUG_INFO = NO;
				MTL_FAST_MATH = YES;
				SDKROOT = iphoneos;
				SWIFT_COMPILATION_MODE = wholemodule;
				SWIFT_OPTIMIZATION_LEVEL = "-O";
				VALIDATE_PRODUCT = YES;
			};
			name = Release;
		};
		93CF5B2A23FBCF63003ACDAE /* Debug */ = {
			isa = XCBuildConfiguration;
			buildSettings = {
				ASSETCATALOG_COMPILER_APPICON_NAME = AppIcon;
				CODE_SIGN_STYLE = Automatic;
				DEVELOPMENT_TEAM = 3N82732LPP;
				INFOPLIST_FILE = AppChinaZ/Info.plist;
				LD_RUNPATH_SEARCH_PATHS = (
					"$(inherited)",
					"@executable_path/Frameworks",
				);
				PRODUCT_BUNDLE_IDENTIFIER = com.santanacarmen.AppChinaZ;
				PRODUCT_NAME = "$(TARGET_NAME)";
				SWIFT_VERSION = 5.0;
				TARGETED_DEVICE_FAMILY = "1,2";
			};
			name = Debug;
		};
		93CF5B2B23FBCF63003ACDAE /* Release */ = {
			isa = XCBuildConfiguration;
			buildSettings = {
				ASSETCATALOG_COMPILER_APPICON_NAME = AppIcon;
				CODE_SIGN_STYLE = Automatic;
				DEVELOPMENT_TEAM = 3N82732LPP;
				INFOPLIST_FILE = AppChinaZ/Info.plist;
				LD_RUNPATH_SEARCH_PATHS = (
					"$(inherited)",
					"@executable_path/Frameworks",
				);
				PRODUCT_BUNDLE_IDENTIFIER = com.santanacarmen.AppChinaZ;
				PRODUCT_NAME = "$(TARGET_NAME)";
				SWIFT_VERSION = 5.0;
				TARGETED_DEVICE_FAMILY = "1,2";
			};
			name = Release;
		};
/* End XCBuildConfiguration section */

/* Begin XCConfigurationList section */
		93CF5B1023FBCF5F003ACDAE /* Build configuration list for PBXProject "AppChinaZ" */ = {
			isa = XCConfigurationList;
			buildConfigurations = (
				93CF5B2723FBCF63003ACDAE /* Debug */,
				93CF5B2823FBCF63003ACDAE /* Release */,
			);
			defaultConfigurationIsVisible = 0;
			defaultConfigurationName = Release;
		};
		93CF5B2923FBCF63003ACDAE /* Build configuration list for PBXNativeTarget "AppChinaZ" */ = {
			isa = XCConfigurationList;
			buildConfigurations = (
				93CF5B2A23FBCF63003ACDAE /* Debug */,
				93CF5B2B23FBCF63003ACDAE /* Release */,
			);
			defaultConfigurationIsVisible = 0;
			defaultConfigurationName = Release;
		};
/* End XCConfigurationList section */
	};
	rootObject = 93CF5B0D23FBCF5F003ACDAE /* Project object */;
}
